
Microsoft Visual Studio Solution File, Format Version 12.00
# Visual Studio Version 17
VisualStudioVersion = 17.14.36109.1 d17.14
MinimumVisualStudioVersion = 10.0.40219.1
Project("{FAE04EC0-301F-11D3-BF4B-00C04F79EFBC}") = "FutureWork", "FutureWork\FutureWork.csproj", "{3A075ABE-1AA7-4060-93AE-24D5941C8433}"
EndProject
Project("{FAE04EC0-301F-11D3-BF4B-00C04F79EFBC}") = "Model", "Model\Model.csproj", "{A17338BE-60CD-4CE2-BD1D-2D8D51669221}"
EndProject
Global
	GlobalSection(SolutionConfigurationPlatforms) = preSolution
		Debug|Any CPU = Debug|Any CPU
		Release|Any CPU = Release|Any CPU
	EndGlobalSection
	GlobalSection(ProjectConfigurationPlatforms) = postSolution
		{3A075ABE-1AA7-4060-93AE-24D5941C8433}.Debug|Any CPU.ActiveCfg = Debug|Any CPU
		{3A075ABE-1AA7-4060-93AE-24D5941C8433}.Debug|Any CPU.Build.0 = Debug|Any CPU
		{3A075ABE-1AA7-4060-93AE-24D5941C8433}.Release|Any CPU.ActiveCfg = Release|Any CPU
		{3A075ABE-1AA7-4060-93AE-24D5941C8433}.Release|Any CPU.Build.0 = Release|Any CPU
		{A17338BE-60CD-4CE2-BD1D-2D8D51669221}.Debug|Any CPU.ActiveCfg = Debug|Any CPU
		{A17338BE-60CD-4CE2-BD1D-2D8D51669221}.Debug|Any CPU.Build.0 = Debug|Any CPU
		{A17338BE-60CD-4CE2-BD1D-2D8D51669221}.Release|Any CPU.ActiveCfg = Release|Any CPU
		{A17338BE-60CD-4CE2-BD1D-2D8D51669221}.Release|Any CPU.Build.0 = Release|Any CPU
	EndGlobalSection
	GlobalSection(SolutionProperties) = preSolution
		HideSolutionNode = FALSE
	EndGlobalSection
	GlobalSection(ExtensibilityGlobals) = postSolution
		SolutionGuid = {4CD3D1B4-A84C-4E31-8CF5-33244AB9A118}
	EndGlobalSection
EndGlobal
